github.com/go-stack/stack v1.8.0 h1:5SgMzNM5HxrEjV0ww2lTmX6E2Izsfxas4+YHWRs3Lsk=
github.com/go-stack/stack v1.8.0/go.mod h1:v0f6uXyyMGvRgIKkXu+yp6POWl0qKG85gN/melR3HDY=
github.com/xgfone/cast v0.1.0/go.mod h1:T+gPbsD/fD72zz9wy/XaLTv236sPHaf6TcT7uvIhV/k=
github.com/xgfone/go-tools/v7 v7.7.0 h1:v+YSFBqfZ5KCBXwXcvibmuqdiQkRwlF1LN1IYVkg3NA=
github.com/xgfone/go-tools/v7 v7.7.0/go.mod h1:s6pywc3sUjRuGcW7lI9dgoOBFfte44qrc6K1i++V8BI=
github.com/xgfone/klog/v4 v4.1.0 h1:MiJMQioB+16yB6ha0iHDGYd9AHzJg5lxqDp5lsEbbyE=
github.com/xgfone/klog/v4 v4.1.0/go.mod h1:OdHVTjnhEdGFYaK2z/9qjFfSTriww9ziNhOUxJ8KyC8=
github.com/xgfone/netaddr v0.5.1 h1:87DhCyyR6XUr0p63JHTDT5juGDhH49Ak2ePZNBmSL5I=
github.com/xgfone/netaddr v0.5.1/go.mod h1:QDEYI/4nQfAtNj7TB4RhYQY1B4U31Edj+SOoDEuIfsQ=
